
Microsoft Visual Studio Solution File, Format Version 12.00
# Visual Studio Version 17
VisualStudioVersion = 17.2.32602.215
MinimumVisualStudioVersion = 10.0.40219.1
Project("{9A19103F-16F7-4668-BE54-9A1E7A4F7556}") = "Travel.ViewLayer", "Travel.ViewLayer.csproj", "{8C318E32-D6A5-4993-9F13-9ADB63CC2DE2}"
EndProject
Project("{9A19103F-16F7-4668-BE54-9A1E7A4F7556}") = "Travel.CoreLayer", "..\Travel.CoreLayer\Travel.CoreLayer.csproj", "{2F55391D-43D2-4F87-A83D-0F4278D13D73}"
EndProject
Project("{9A19103F-16F7-4668-BE54-9A1E7A4F7556}") = "Travel.DataLayer", "..\Travel.DataLayer\Travel.DataLayer.csproj", "{8D39DEA5-F72C-486D-97EC-6A4E12544F01}"
EndProject
Project("{9A19103F-16F7-4668-BE54-9A1E7A4F7556}") = "TravelManagement.Test", "..\TravelManagement.Test\TravelManagement.Test.csproj", "{2BC3287B-0C64-48C8-99F8-29F1AD6D45F3}"
EndProject
Global
	GlobalSection(SolutionConfigurationPlatforms) = preSolution
		Debug|Any CPU = Debug|Any CPU
		Release|Any CPU = Release|Any CPU
	EndGlobalSection
	GlobalSection(ProjectConfigurationPlatforms) = postSolution
		{8C318E32-D6A5-4993-9F13-9ADB63CC2DE2}.Debug|Any CPU.ActiveCfg = Debug|Any CPU
		{8C318E32-D6A5-4993-9F13-9ADB63CC2DE2}.Debug|Any CPU.Build.0 = Debug|Any CPU
		{8C318E32-D6A5-4993-9F13-9ADB63CC2DE2}.Release|Any CPU.ActiveCfg = Release|Any CPU
		{8C318E32-D6A5-4993-9F13-9ADB63CC2DE2}.Release|Any CPU.Build.0 = Release|Any CPU
		{2F55391D-43D2-4F87-A83D-0F4278D13D73}.Debug|Any CPU.ActiveCfg = Debug|Any CPU
		{2F55391D-43D2-4F87-A83D-0F4278D13D73}.Debug|Any CPU.Build.0 = Debug|Any CPU
		{2F55391D-43D2-4F87-A83D-0F4278D13D73}.Release|Any CPU.ActiveCfg = Release|Any CPU
		{2F55391D-43D2-4F87-A83D-0F4278D13D73}.Release|Any CPU.Build.0 = Release|Any CPU
		{8D39DEA5-F72C-486D-97EC-6A4E12544F01}.Debug|Any CPU.ActiveCfg = Debug|Any CPU
		{8D39DEA5-F72C-486D-97EC-6A4E12544F01}.Debug|Any CPU.Build.0 = Debug|Any CPU
		{8D39DEA5-F72C-486D-97EC-6A4E12544F01}.Release|Any CPU.ActiveCfg = Release|Any CPU
		{8D39DEA5-F72C-486D-97EC-6A4E12544F01}.Release|Any CPU.Build.0 = Release|Any CPU
		{2BC3287B-0C64-48C8-99F8-29F1AD6D45F3}.Debug|Any CPU.ActiveCfg = Debug|Any CPU
		{2BC3287B-0C64-48C8-99F8-29F1AD6D45F3}.Debug|Any CPU.Build.0 = Debug|Any CPU
		{2BC3287B-0C64-48C8-99F8-29F1AD6D45F3}.Release|Any CPU.ActiveCfg = Release|Any CPU
		{2BC3287B-0C64-48C8-99F8-29F1AD6D45F3}.Release|Any CPU.Build.0 = Release|Any CPU
	EndGlobalSection
	GlobalSection(SolutionProperties) = preSolution
		HideSolutionNode = FALSE
	EndGlobalSection
	GlobalSection(ExtensibilityGlobals) = postSolution
		SolutionGuid = {28CAE26D-5FC4-4CF0-BA18-2F670038D7FD}
	EndGlobalSection
EndGlobal
